github.com/davecgh/go-spew v1.1.0 h1:ZDRjVQ15GmhC3fiQ8ni8+OwkZQO4DARzQgrnXU1Liz8=
github.com/davecgh/go-spew v1.1.0/go.mod h1:J7Y8YcW2NihsgmVo/mv3lAwl/skON4iLHjSsI+c5H38=
github.com/ferranbt/fastssz v0.0.0-20210120143747-11b9eff30ea9 h1:9VDpsWq096+oGMDTT/SgBD/VgZYf4pTF+KTPmZ+OaKM=
github.com/ferranbt/fastssz v0.0.0-20210120143747-11b9eff30ea9/go.mod h1:DyEu2iuLBnb/T51BlsiO3yLYdJC6UbGMrIkqK1KmQxM=
github.com/golang/snappy v0.0.3/go.mod h1:/XxbfmMg8lxefKM7IXC3fBNl/7bRcc72aCRzEWrmP2Q=
github.com/herumi/bls-eth-go-binary v0.0.0-20200522010937-01d282b5380b h1:mu+F5uA3Y68oB6KXZqWlASKMetbNufhQx2stMI+sD+Y=
github.com/herumi/bls-eth-go-binary v0.0.0-20200522010937-01d282b5380b/go.mod h1:luAnRm3OsMQeokhGzpYmc0ZKwawY7o87PUEP11Z7r7U=
github.com/herumi/bls-eth-go-binary v0.0.0-20210130185500-57372fb27371/go.mod h1:luAnRm3OsMQeokhGzpYmc0ZKwawY7o87PUEP11Z7r7U=
github.com/herumi/bls-eth-go-binary v0.0.0-20210208203315-e81c3e745d31 h1:VC1MuHyBWWC/MqM7g7GrqZy3T5lfdZ84vr6XPnpLnCw=
github.com/herumi/bls-eth-go-binary v0.0.0-20210208203315-e81c3e745d31/go.mod h1:luAnRm3OsMQeokhGzpYmc0ZKwawY7o87PUEP11Z7r7U=
github.com/kr/pretty v0.1.0 h1:L/CwN0zerZDmRFUapSPitk6f+Q3+0za1rQkzVuMiMFI=
github.com/kr/pretty v0.1.0/go.mod h1:dAy3ld7l9f0ibDNOQOHHMYYIIbhfbHSm3C4ZsoJORNo=
github.com/kr/pty v1.1.1/go.mod h1:pFQYn66WHrOpPYNljwOMqo10TkYh1fy3cYio2l3bCsQ=
github.com/kr/text v0.1.0 h1:45sCR5RtlFHMR4UwH9sdQ5TC8v0qDQCHnXt+kaKSTVE=
github.com/kr/text v0.1.0/go.mod h1:4Jbv+DJW3UT/LiOwJeYQe1efqtUx/iVham/4vfdArNI=
github.com/minio/sha256-simd v0.1.0 h1:U41/2erhAKcmSI14xh/ZTUdBPOzDOIfS93ibzUSl8KM=
github.com/minio/sha256-simd v0.1.0/go.mod h1:2FMWW+8GMoPweT6+pI63m9YE3Lmw4J71hV56Chs1E/U=
github.com/minio/sha256-simd v0.1.1 h1:5QHSlgo3nt5yKOJrC7W8w7X+NFl8cMPZm96iu8kKUJU=
github.com/minio/sha256-simd v0.1.1/go.mod h1:B5e1o+1/KgNmWrSQK08Y6Z1Vb5pwIktudl0J58iy0KM=
github.com/mitchellh/mapstructure v1.3.2/go.mod h1:bFUtVrKA4DC2yAKiSyO/QUcy7e+RRV2QTWOzhPopBRo=
github.com/mitchellh/mapstructure v1.4.1 h1:CpVNEelQCZBooIPDn+AR3NpivK/TIKU8bDxdASFVQag=
github.com/mitchellh/mapstructure v1.4.1/go.mod h1:bFUtVrKA4DC2yAKiSyO/QUcy7e+RRV2QTWOzhPopBRo=
github.com/pkg/errors v0.9.1 h1:FEBLx1zS214owpjy7qsBeixbURkuhQAwrK5UwLGTwt4=
github.com/pkg/errors v0.9.1/go.mod h1:bwawxfHBFNV+L2hUp1rHADufV3IMtnDRdf1r5NINEl0=
github.com/pmezard/go-difflib v1.0.0 h1:4DBwDE0NGyQoBHbLQYPwSUPoCMWR5BEzIk/f1lZbAQM=
github.com/pmezard/go-difflib v1.0.0/go.mod h1:iKH77koFhYxTK1pcRnkKkqfTogsbg7gZNVY4sRDYZ/4=
github.com/protolambda/messagediff v1.4.0/go.mod h1:LboJp0EwIbJsePYpzh5Op/9G1/4mIztMRYzzwR0dR2M=
github.com/protolambda/zrnt v0.14.0 h1:TIoHibrIZ6rOjV2NMnTdm9wBcaLYs+xdAeWWWwfuV9c=
github.com/protolambda/zrnt v0.14.0/go.mod h1:rJSDrwIyY6L5L3GvOivJDgJDqvIfpNWIIWB0C3v3SVY=
github.com/protolambda/zrnt v0.15.1-0.20210413222459-49d2c0e86ef6 h1:uGF+He7fjjFn9csL+vXpCmZzBEcqZ0TkVYbJqc7Tyqo=
github.com/protolambda/zrnt v0.15.1-0.20210413222459-49d2c0e86ef6/go.mod h1:99Kf8o4zIhSwx/G05jcnoxWdA9GalyofmmennKbsKBk=
github.com/protolambda/zrnt v0.15.1-0.20210413235627-f1b35d27e21d h1:RuGf48qG6RF6I7l9yI9Gz2lGNEJ6/dQPdXkY0GFe4R4=
github.com/protolambda/zrnt v0.15.1-0.20210413235627-f1b35d27e21d/go.mod h1:99Kf8o4zIhSwx/G05jcnoxWdA9GalyofmmennKbsKBk=
github.com/protolambda/ztyp v0.1.2 h1:wT8ansBvtUR48bKgo3ZraXWUKNfds0kabBIWyo9zGvA=
github.com/protolambda/ztyp v0.1.2/go.mod h1:u9yT4ioIokwlHrOfiZ52ezHfKdza3phxhTJix01vGgU=
github.com/protolambda/ztyp v0.1.4 h1:Kxn8W4ncsCs4ha27PRfyMLKRrfJkPdZYw4UV9yKqbw8=
github.com/protolambda/ztyp v0.1.4/go.mod h1:u9yT4ioIokwlHrOfiZ52ezHfKdza3phxhTJix01vGgU=
github.com/stretchr/objx v0.1.0/go.mod h1:HFkY916IF+rwdDfMAkV7OtwuqBVzrE8GR6GFx+wExME=
github.com/stretchr/testify v1.4.0/go.mod h1:j7eGeouHqKxXV5pUuKE4zz7dFj8WfuZ+81PSLYec5m4=
github.com/stretchr/testify v1.5.1 h1:nOGnQDM7FYENwehXlg/kFVnos3rEvtKTjRvOWSzb6H4=
github.com/stretchr/testify v1.5.1/go.mod h1:5W2xD1RspED5o8YsWQXVCued0rvSQ+mT+I5cxcmMvtA=
github.com/tyler-smith/go-bip39 v1.1.0 h1:5eUemwrMargf3BSLRRCalXT93Ns6pQJIjYQN2nyfOP8=
github.com/tyler-smith/go-bip39 v1.1.0/go.mod h1:gUYDtqQw1JS3ZJ8UWVcGTGqqr6YIN3CWg+kkNaLt55U=
github.com/wealdtech/go-bytesutil v1.1.1 h1:ocEg3Ke2GkZ4vQw5lp46rmO+pfqCCTgq35gqOy8JKVc=
github.com/wealdtech/go-bytesutil v1.1.1/go.mod h1:jENeMqeTEU8FNZyDFRVc7KqBdRKSnJ9CCh26TcuNb9s=
github.com/wealdtech/go-eth2-types/v2 v2.5.2/go.mod h1:8lkNUbgklSQ4LZ2oMSuxSdR7WwJW3L9ge1dcoCVyzws=
github.com/wealdtech/go-eth2-types/v2 v2.5.3 h1:iwlXVBwOTqMPt0GqBjCO3djKxWd66+8MG6fXg46LLHo=
github.com/wealdtech/go-eth2-types/v2 v2.5.3/go.mod h1:JCIc6C8SAaxQPasY2q3g7iFUuebmKURb+TyqCKrmq4c=
github.com/wealdtech/go-eth2-util v1.6.3 h1:2INPeOR35x5LdFFpSzyw954WzTD+DFyHe3yKlJnG5As=
github.com/wealdtech/go-eth2-util v1.6.3/go.mod h1:0hFMj/qtio288oZFHmAbCnPQ9OB3c4WFzs5NVPKTY4k=
golang.org/x/crypto v0.0.0-20190308221718-c2843e01d9a2/go.mod h1:djNgcEr1/C05ACkg1iLfiJU5Ep61QUkGW8qpdssI0+w=
golang.org/x/crypto v0.0.0-20200622213623-75b288015ac9/go.mod h1:LzIPMQfyMNhhGPhUkYOs5KpL4U8rLKemX1yGLhDgUto=
golang.org/x/crypto v0.0.0-20201221181555-eec23a3978ad h1:DN0cp81fZ3njFcrLCytUHRSUkqBjfTo4Tx9RJTWs0EY=
golang.org/x/crypto v0.0.0-20201221181555-eec23a3978ad/go.mod h1:jdWPYTVW3xRLrWPugEBEK3UY2ZEsg3UU495nc5E+M+I=
golang.org/x/net v0.0.0-20190404232315-eb5bcb51f2a3/go.mod h1:t9HGtf8HONx5eT2rtn7q6eTqICYqUVnKs3thJo3Qplg=
golang.org/x/sys v0.0.0-20190215142949-d0b11bdaac8a/go.mod h1:STP8DvDyc/dI5b8T5hshtkjS+E42TnysNCUPdjciGhY=
golang.org/x/sys v0.0.0-20190412213103-97732733099d/go.mod h1:h1NjWce9XRLGQEsW7wpKNCjG9DtNlClVuFLEZdDNbEs=
golang.org/x/sys v0.0.0-20191026070338-33540a1f6037/go.mod h1:h1NjWce9XRLGQEsW7wpKNCjG9DtNlClVuFLEZdDNbEs=
golang.org/x/sys v0.0.0-20210124154548-22da62e12c0c h1:VwygUrnw9jn88c4u8GD3rZQbqrP/tgas88tPUbBxQrk=
golang.org/x/sys v0.0.0-20210124154548-22da62e12c0c/go.mod h1:h1NjWce9XRLGQEsW7wpKNCjG9DtNlClVuFLEZdDNbEs=
golang.org/x/term v0.0.0-20201117132131-f5c789dd3221/go.mod h1:Nr5EML6q2oocZ2LXRh80K7BxOlk5/8JxuGnuhpl+muw=
golang.org/x/text v0.3.0/go.mod h1:NqM8EUOU14njkJ3fqMW+pc6Ldnwhi/IjpwHt7yyuwOQ=
gopkg.in/check.v1 v0.0.0-20161208181325-20d25e280405 h1:yhCVgyC4o1eVCa2tZl7eS0r+SDo693bJlVdllGtEeKM=
gopkg.in/check.v1 v0.0.0-20161208181325-20d25e280405/go.mod h1:Co6ibVJAznAaIkqp8huTwlJQCZ016jof/cbN4VW5Yz0=
gopkg.in/check.v1 v1.0.0-20190902080502-41f04d3bba15 h1:YR8cESwS4TdDjEe65xsg0ogRM/Nc3DYOhEAlW+xobZo=
gopkg.in/check.v1 v1.0.0-20190902080502-41f04d3bba15/go.mod h1:Co6ibVJAznAaIkqp8huTwlJQCZ016jof/cbN4VW5Yz0=
gopkg.in/yaml.v2 v2.2.2/go.mod h1:hI93XBmqTisBFMUTm0b8Fm+jr3Dg1NNxqwp+5A1VGuI=
gopkg.in/yaml.v2 v2.3.0/go.mod h1:hI93XBmqTisBFMUTm0b8Fm+jr3Dg1NNxqwp+5A1VGuI=
gopkg.in/yaml.v2 v2.4.0 h1:D8xgwECY7CYvx+Y2n4sBz93Jn9JRvxdiyyo8CTfuKaY=
gopkg.in/yaml.v2 v2.4.0/go.mod h1:RDklbk79AGWmwhnvt/jBztapEOGDOx6ZbXqjP6csGnQ=
gopkg.in/yaml.v3 v3.0.0-20200615113413-eeeca48fe776 h1:tQIYjPdBoyREyB9XMu+nnTclpTYkz2zFM+lzLJFO4gQ=
gopkg.in/yaml.v3 v3.0.0-20200615113413-eeeca48fe776/go.mod h1:K4uyk7z7BCEPqu6E+C64Yfv1cQ7kz7rIZviUmN+EgEM=
